
Microsoft Visual Studio Solution File, Format Version 12.00
# Visual Studio Version 17
VisualStudioVersion = 17.13.35919.96
MinimumVisualStudioVersion = 10.0.40219.1
Project("{8BC9CEB8-8B4A-11D0-8D11-00A0C91BC942}") = "problem1", "S&T ds1\S&T ds1.vcxproj", "{56F4DB54-DD59-4472-BA97-29D09564FD48}"
EndProject
Project("{8BC9CEB8-8B4A-11D0-8D11-00A0C91BC942}") = "problem2", "problem2\problem2.vcxproj", "{BEA5D419-4457-4B9A-B817-04E44297F1FB}"
EndProject
Project("{8BC9CEB8-8B4A-11D0-8D11-00A0C91BC942}") = "problem5", "problem5\problem5.vcxproj", "{680396F6-71A8-41C3-9DF4-4D25805E73FD}"
EndProject
Project("{8BC9CEB8-8B4A-11D0-8D11-00A0C91BC942}") = "problem3", "problem3\problem3.vcxproj", "{E305AF80-B1AC-4ADD-BC5E-279CDB3CEB76}"
EndProject
Project("{8BC9CEB8-8B4A-11D0-8D11-00A0C91BC942}") = "problem4", "problem4\problem4.vcxproj", "{644B1AF9-8C8D-47D5-876C-750112C50B17}"
EndProject
Project("{8BC9CEB8-8B4A-11D0-8D11-00A0C91BC942}") = "Task_2", "Task_2\Task_2.vcxproj", "{CABAF4BC-F726-42D3-8DC0-EE72804F7001}"
EndProject
Project("{8BC9CEB8-8B4A-11D0-8D11-00A0C91BC942}") = "Task_3", "Task_3\Task_3.vcxproj", "{0EA236C6-C2BE-4E02-BF83-4C57C1D87BF7}"
EndProject
Global
	GlobalSection(SolutionConfigurationPlatforms) = preSolution
		Debug|x64 = Debug|x64
		Debug|x86 = Debug|x86
		Release|x64 = Release|x64
		Release|x86 = Release|x86
	EndGlobalSection
	GlobalSection(ProjectConfigurationPlatforms) = postSolution
		{56F4DB54-DD59-4472-BA97-29D09564FD48}.Debug|x64.ActiveCfg = Debug|x64
		{56F4DB54-DD59-4472-BA97-29D09564FD48}.Debug|x64.Build.0 = Debug|x64
		{56F4DB54-DD59-4472-BA97-29D09564FD48}.Debug|x86.ActiveCfg = Debug|Win32
		{56F4DB54-DD59-4472-BA97-29D09564FD48}.Debug|x86.Build.0 = Debug|Win32
		{56F4DB54-DD59-4472-BA97-29D09564FD48}.Release|x64.ActiveCfg = Release|x64
		{56F4DB54-DD59-4472-BA97-29D09564FD48}.Release|x64.Build.0 = Release|x64
		{56F4DB54-DD59-4472-BA97-29D09564FD48}.Release|x86.ActiveCfg = Release|Win32
		{56F4DB54-DD59-4472-BA97-29D09564FD48}.Release|x86.Build.0 = Release|Win32
		{BEA5D419-4457-4B9A-B817-04E44297F1FB}.Debug|x64.ActiveCfg = Debug|x64
		{BEA5D419-4457-4B9A-B817-04E44297F1FB}.Debug|x64.Build.0 = Debug|x64
		{BEA5D419-4457-4B9A-B817-04E44297F1FB}.Debug|x86.ActiveCfg = Debug|Win32
		{BEA5D419-4457-4B9A-B817-04E44297F1FB}.Debug|x86.Build.0 = Debug|Win32
		{BEA5D419-4457-4B9A-B817-04E44297F1FB}.Release|x64.ActiveCfg = Release|x64
		{BEA5D419-4457-4B9A-B817-04E44297F1FB}.Release|x64.Build.0 = Release|x64
		{BEA5D419-4457-4B9A-B817-04E44297F1FB}.Release|x86.ActiveCfg = Release|Win32
		{BEA5D419-4457-4B9A-B817-04E44297F1FB}.Release|x86.Build.0 = Release|Win32
		{680396F6-71A8-41C3-9DF4-4D25805E73FD}.Debug|x64.ActiveCfg = Debug|x64
		{680396F6-71A8-41C3-9DF4-4D25805E73FD}.Debug|x64.Build.0 = Debug|x64
		{680396F6-71A8-41C3-9DF4-4D25805E73FD}.Debug|x86.ActiveCfg = Debug|Win32
		{680396F6-71A8-41C3-9DF4-4D25805E73FD}.Debug|x86.Build.0 = Debug|Win32
		{680396F6-71A8-41C3-9DF4-4D25805E73FD}.Release|x64.ActiveCfg = Release|x64
		{680396F6-71A8-41C3-9DF4-4D25805E73FD}.Release|x64.Build.0 = Release|x64
		{680396F6-71A8-41C3-9DF4-4D25805E73FD}.Release|x86.ActiveCfg = Release|Win32
		{680396F6-71A8-41C3-9DF4-4D25805E73FD}.Release|x86.Build.0 = Release|Win32
		{E305AF80-B1AC-4ADD-BC5E-279CDB3CEB76}.Debug|x64.ActiveCfg = Debug|x64
		{E305AF80-B1AC-4ADD-BC5E-279CDB3CEB76}.Debug|x64.Build.0 = Debug|x64
		{E305AF80-B1AC-4ADD-BC5E-279CDB3CEB76}.Debug|x86.ActiveCfg = Debug|Win32
		{E305AF80-B1AC-4ADD-BC5E-279CDB3CEB76}.Debug|x86.Build.0 = Debug|Win32
		{E305AF80-B1AC-4ADD-BC5E-279CDB3CEB76}.Release|x64.ActiveCfg = Release|x64
		{E305AF80-B1AC-4ADD-BC5E-279CDB3CEB76}.Release|x64.Build.0 = Release|x64
		{E305AF80-B1AC-4ADD-BC5E-279CDB3CEB76}.Release|x86.ActiveCfg = Release|Win32
		{E305AF80-B1AC-4ADD-BC5E-279CDB3CEB76}.Release|x86.Build.0 = Release|Win32
		{644B1AF9-8C8D-47D5-876C-750112C50B17}.Debug|x64.ActiveCfg = Debug|x64
		{644B1AF9-8C8D-47D5-876C-750112C50B17}.Debug|x64.Build.0 = Debug|x64
		{644B1AF9-8C8D-47D5-876C-750112C50B17}.Debug|x86.ActiveCfg = Debug|Win32
		{644B1AF9-8C8D-47D5-876C-750112C50B17}.Debug|x86.Build.0 = Debug|Win32
		{644B1AF9-8C8D-47D5-876C-750112C50B17}.Release|x64.ActiveCfg = Release|x64
		{644B1AF9-8C8D-47D5-876C-750112C50B17}.Release|x64.Build.0 = Release|x64
		{644B1AF9-8C8D-47D5-876C-750112C50B17}.Release|x86.ActiveCfg = Release|Win32
		{644B1AF9-8C8D-47D5-876C-750112C50B17}.Release|x86.Build.0 = Release|Win32
		{CABAF4BC-F726-42D3-8DC0-EE72804F7001}.Debug|x64.ActiveCfg = Debug|x64
		{CABAF4BC-F726-42D3-8DC0-EE72804F7001}.Debug|x64.Build.0 = Debug|x64
		{CABAF4BC-F726-42D3-8DC0-EE72804F7001}.Debug|x86.ActiveCfg = Debug|Win32
		{CABAF4BC-F726-42D3-8DC0-EE72804F7001}.Debug|x86.Build.0 = Debug|Win32
		{CABAF4BC-F726-42D3-8DC0-EE72804F7001}.Release|x64.ActiveCfg = Release|x64
		{CABAF4BC-F726-42D3-8DC0-EE72804F7001}.Release|x64.Build.0 = Release|x64
		{CABAF4BC-F726-42D3-8DC0-EE72804F7001}.Release|x86.ActiveCfg = Release|Win32
		{CABAF4BC-F726-42D3-8DC0-EE72804F7001}.Release|x86.Build.0 = Release|Win32
		{0EA236C6-C2BE-4E02-BF83-4C57C1D87BF7}.Debug|x64.ActiveCfg = Debug|x64
		{0EA236C6-C2BE-4E02-BF83-4C57C1D87BF7}.Debug|x64.Build.0 = Debug|x64
		{0EA236C6-C2BE-4E02-BF83-4C57C1D87BF7}.Debug|x86.ActiveCfg = Debug|Win32
		{0EA236C6-C2BE-4E02-BF83-4C57C1D87BF7}.Debug|x86.Build.0 = Debug|Win32
		{0EA236C6-C2BE-4E02-BF83-4C57C1D87BF7}.Release|x64.ActiveCfg = Release|x64
		{0EA236C6-C2BE-4E02-BF83-4C57C1D87BF7}.Release|x64.Build.0 = Release|x64
		{0EA236C6-C2BE-4E02-BF83-4C57C1D87BF7}.Release|x86.ActiveCfg = Release|Win32
		{0EA236C6-C2BE-4E02-BF83-4C57C1D87BF7}.Release|x86.Build.0 = Release|Win32
	EndGlobalSection
	GlobalSection(SolutionProperties) = preSolution
		HideSolutionNode = FALSE
	EndGlobalSection
	GlobalSection(ExtensibilityGlobals) = postSolution
		SolutionGuid = {4B61243C-9D93-4BCE-87AE-50DC9CCF8C11}
	EndGlobalSection
EndGlobal
